
Microsoft Visual Studio Solution File, Format Version 12.00
# Visual Studio 15
VisualStudioVersion = 15.0.28307.421
MinimumVisualStudioVersion = 10.0.40219.1
Project("{FAE04EC0-301F-11D3-BF4B-00C04F79EFBC}") = "WinForm", "WinForm\WinForm.csproj", "{A80CCD5C-15A1-4DE8-A1A2-BEE31EFFF551}"
EndProject
Project("{FAE04EC0-301F-11D3-BF4B-00C04F79EFBC}") = "TranspManagDATA", "TranspManagDATA\TranspManagDATA.csproj", "{63B309D9-F238-4D07-B5C6-36E7A7E8368D}"
EndProject
Global
	GlobalSection(SolutionConfigurationPlatforms) = preSolution
		Debug|Any CPU = Debug|Any CPU
		Release|Any CPU = Release|Any CPU
	EndGlobalSection
	GlobalSection(ProjectConfigurationPlatforms) = postSolution
		{A80CCD5C-15A1-4DE8-A1A2-BEE31EFFF551}.Debug|Any CPU.ActiveCfg = Debug|Any CPU
		{A80CCD5C-15A1-4DE8-A1A2-BEE31EFFF551}.Debug|Any CPU.Build.0 = Debug|Any CPU
		{A80CCD5C-15A1-4DE8-A1A2-BEE31EFFF551}.Release|Any CPU.ActiveCfg = Release|Any CPU
		{A80CCD5C-15A1-4DE8-A1A2-BEE31EFFF551}.Release|Any CPU.Build.0 = Release|Any CPU
		{63B309D9-F238-4D07-B5C6-36E7A7E8368D}.Debug|Any CPU.ActiveCfg = Debug|Any CPU
		{63B309D9-F238-4D07-B5C6-36E7A7E8368D}.Debug|Any CPU.Build.0 = Debug|Any CPU
		{63B309D9-F238-4D07-B5C6-36E7A7E8368D}.Release|Any CPU.ActiveCfg = Release|Any CPU
		{63B309D9-F238-4D07-B5C6-36E7A7E8368D}.Release|Any CPU.Build.0 = Release|Any CPU
	EndGlobalSection
	GlobalSection(SolutionProperties) = preSolution
		HideSolutionNode = FALSE
	EndGlobalSection
	GlobalSection(ExtensibilityGlobals) = postSolution
		SolutionGuid = {D367A9D7-FB09-4946-AA7C-D6605089C4C2}
	EndGlobalSection
EndGlobal
